{
  "name": "saltdog-plugins",
  "lockfileVersion": 2,
  "requires": true,
  "packages": {
    "": {
      "name": "saltdog-plugins",
      "license": "MIT",
      "dependencies": {
        "saltdog": "^0.0.1"
      }
    },
    "node_modules/saltdog": {
      "version": "0.0.1",
      "resolved": "https://registry.npmmirror.com/saltdog/-/saltdog-0.0.1.tgz",
      "integrity": "sha512-NfQSTuSozpT7Q8pyu3Zr8umDdTcs1arDBigEfb77kcxQTuKFzlNz/PtrnIlCMqalN0uOeMVPEPQZQAleye2Srw=="
    }
  },
  "dependencies": {
    "saltdog": {
      "version": "0.0.1",
      "resolved": "https://registry.npmmirror.com/saltdog/-/saltdog-0.0.1.tgz",
      "integrity": "sha512-NfQSTuSozpT7Q8pyu3Zr8umDdTcs1arDBigEfb77kcxQTuKFzlNz/PtrnIlCMqalN0uOeMVPEPQZQAleye2Srw=="
    }
  }
}
